
Microsoft Visual Studio Solution File, Format Version 12.00
# Visual Studio Version 17
VisualStudioVersion = 17.14.36221.1 d17.14
MinimumVisualStudioVersion = 10.0.40219.1
Project("{FAE04EC0-301F-11D3-BF4B-00C04F79EFBC}") = "ProjetoLanches", "ProjetoLanches\ProjetoLanches.csproj", "{911654FC-8200-4888-8F1F-F3C3798EFDF9}"
EndProject
Global
	GlobalSection(SolutionConfigurationPlatforms) = preSolution
		Debug|Any CPU = Debug|Any CPU
		Release|Any CPU = Release|Any CPU
	EndGlobalSection
	GlobalSection(ProjectConfigurationPlatforms) = postSolution
		{911654FC-8200-4888-8F1F-F3C3798EFDF9}.Debug|Any CPU.ActiveCfg = Debug|Any CPU
		{911654FC-8200-4888-8F1F-F3C3798EFDF9}.Debug|Any CPU.Build.0 = Debug|Any CPU
		{911654FC-8200-4888-8F1F-F3C3798EFDF9}.Release|Any CPU.ActiveCfg = Release|Any CPU
		{911654FC-8200-4888-8F1F-F3C3798EFDF9}.Release|Any CPU.Build.0 = Release|Any CPU
	EndGlobalSection
	GlobalSection(SolutionProperties) = preSolution
		HideSolutionNode = FALSE
	EndGlobalSection
	GlobalSection(ExtensibilityGlobals) = postSolution
		SolutionGuid = {7A814BB3-F888-49B2-A49C-B35FA254F030}
	EndGlobalSection
EndGlobal
